
Microsoft Visual Studio Solution File, Format Version 12.00
# Visual Studio Version 16
VisualStudioVersion = 16.0.31702.278
MinimumVisualStudioVersion = 10.0.40219.1
Project("{FAE04EC0-301F-11D3-BF4B-00C04F79EFBC}") = "Mirth", "Mirth\Mirth.csproj", "{02B8CFDD-5B19-44B0-9C5B-269B1F4E8AC2}"
EndProject
Project("{54435603-DBB4-11D2-8724-00A0C9A8B90C}") = "MirthWinSvcInstaller", "MirthWinSvcInstaller\MirthWinSvcInstaller.vdproj", "{FF80D9D7-4FD4-4822-86EA-F66E015B0DC1}"
EndProject
Project("{FAE04EC0-301F-11D3-BF4B-00C04F79EFBC}") = "CusWinAPISvcWindow", "CusWinAPISvcWindow\CusWinAPISvcWindow.csproj", "{CBED4D89-EDD9-4D02-B7D5-B4D176D72731}"
EndProject
Global
	GlobalSection(SolutionConfigurationPlatforms) = preSolution
		Debug|Any CPU = Debug|Any CPU
		Release|Any CPU = Release|Any CPU
	EndGlobalSection
	GlobalSection(ProjectConfigurationPlatforms) = postSolution
		{02B8CFDD-5B19-44B0-9C5B-269B1F4E8AC2}.Debug|Any CPU.ActiveCfg = Debug|Any CPU
		{02B8CFDD-5B19-44B0-9C5B-269B1F4E8AC2}.Debug|Any CPU.Build.0 = Debug|Any CPU
		{02B8CFDD-5B19-44B0-9C5B-269B1F4E8AC2}.Release|Any CPU.ActiveCfg = Release|Any CPU
		{02B8CFDD-5B19-44B0-9C5B-269B1F4E8AC2}.Release|Any CPU.Build.0 = Release|Any CPU
		{FF80D9D7-4FD4-4822-86EA-F66E015B0DC1}.Debug|Any CPU.ActiveCfg = Debug
		{FF80D9D7-4FD4-4822-86EA-F66E015B0DC1}.Release|Any CPU.ActiveCfg = Release
		{CBED4D89-EDD9-4D02-B7D5-B4D176D72731}.Debug|Any CPU.ActiveCfg = Debug|Any CPU
		{CBED4D89-EDD9-4D02-B7D5-B4D176D72731}.Debug|Any CPU.Build.0 = Debug|Any CPU
		{CBED4D89-EDD9-4D02-B7D5-B4D176D72731}.Release|Any CPU.ActiveCfg = Release|Any CPU
		{CBED4D89-EDD9-4D02-B7D5-B4D176D72731}.Release|Any CPU.Build.0 = Release|Any CPU
	EndGlobalSection
	GlobalSection(SolutionProperties) = preSolution
		HideSolutionNode = FALSE
	EndGlobalSection
	GlobalSection(ExtensibilityGlobals) = postSolution
		SolutionGuid = {8BC441CE-3570-4F89-8989-C68BA729FAAD}
	EndGlobalSection
EndGlobal
